// !$*UTF8*$!
{
	archiveVersion = 1;
	classes = {
	};
	objectVersion = 46;
	objects = {

/* Begin PBXBuildFile section */
		0930484C20DCC9FC00ECD15D /* Notes.swift in Sources */ = {isa = PBXBuildFile; fileRef = 0930484B20DCC9FC00ECD15D /* Notes.swift */; };
		09A5114C20DCF19100CC9C7E /* BasicNotesEntity+CoreDataProperties.swift in Sources */ = {isa = PBXBuildFile; fileRef = 09A5114B20DCF19100CC9C7E /* BasicNotesEntity+CoreDataProperties.swift */; };
		09EFFAC120B54C43005E2021 /* AppDelegate.swift in Sources */ = {isa = PBXBuildFile; fileRef = 09EFFAC020B54C43005E2021 /* AppDelegate.swift */; };
		09EFFAC320B54C43005E2021 /* ViewController.swift in Sources */ = {isa = PBXBuildFile; fileRef = 09EFFAC220B54C43005E2021 /* ViewController.swift */; };
		09EFFAC620B54C43005E2021 /* Main.storyboard in Resources */ = {isa = PBXBuildFile; fileRef = 09EFFAC420B54C43005E2021 /* Main.storyboard */; };
		09EFFAC920B54C43005E2021 /* ChordMaster.xcdatamodeld in Sources */ = {isa = PBXBuildFile; fileRef = 09EFFAC720B54C43005E2021 /* ChordMaster.xcdatamodeld */; };
		09EFFACB20B54C43005E2021 /* Assets.xcassets in Resources */ = {isa = PBXBuildFile; fileRef = 09EFFACA20B54C43005E2021 /* Assets.xcassets */; };
		09EFFACE20B54C43005E2021 /* LaunchScreen.storyboard in Resources */ = {isa = PBXBuildFile; fileRef = 09EFFACC20B54C43005E2021 /* LaunchScreen.storyboard */; };
/* End PBXBuildFile section */

/* Begin PBXFileReference section */
		0930484B20DCC9FC00ECD15D /* Notes.swift */ = {isa = PBXFileReference; fileEncoding = 4; lastKnownFileType = sourcecode.swift; path = Notes.swift; sourceTree = "<group>"; };
		09A5114B20DCF19100CC9C7E /* BasicNotesEntity+CoreDataProperties.swift */ = {isa = PBXFileReference; fileEncoding = 4; lastKnownFileType = sourcecode.swift; path = "BasicNotesEntity+CoreDataProperties.swift"; sourceTree = "<group>"; };
		09EFFABD20B54C43005E2021 /* ChordMaster.app */ = {isa = PBXFileReference; explicitFileType = wrapper.application; includeInIndex = 0; path = ChordMaster.app; sourceTree = BUILT_PRODUCTS_DIR; };
		09EFFAC020B54C43005E2021 /* AppDelegate.swift */ = {isa = PBXFileReference; lastKnownFileType = sourcecode.swift; path = AppDelegate.swift; sourceTree = "<group>"; };
		09EFFAC220B54C43005E2021 /* ViewController.swift */ = {isa = PBXFileReference; lastKnownFileType = sourcecode.swift; path = ViewController.swift; sourceTree = "<group>"; };
		09EFFAC520B54C43005E2021 /* Base */ = {isa = PBXFileReference; lastKnownFileType = file.storyboard; name = Base; path = Base.lproj/Main.storyboard; sourceTree = "<group>"; };
		09EFFAC820B54C43005E2021 /* ChordMaster.xcdatamodel */ = {isa = PBXFileReference; lastKnownFileType = wrapper.xcdatamodel; path = ChordMaster.xcdatamodel; sourceTree = "<group>"; };
		09EFFACA20B54C43005E2021 /* Assets.xcassets */ = {isa = PBXFileReference; lastKnownFileType = folder.assetcatalog; path = Assets.xcassets; sourceTree = "<group>"; };
		09EFFACD20B54C43005E2021 /* Base */ = {isa = PBXFileReference; lastKnownFileType = file.storyboard; name = Base; path = Base.lproj/LaunchScreen.storyboard; sourceTree = "<group>"; };
		09EFFACF20B54C43005E2021 /* Info.plist */ = {isa = PBXFileReference; lastKnownFileType = text.plist.xml; path = Info.plist; sourceTree = "<group>"; };
/* End PBXFileReference section */

/* Begin PBXFrameworksBuildPhase section */
		09EFFABA20B54C43005E2021 /* Frameworks */ = {
			isa = PBXFrameworksBuildPhase;
			buildActionMask = 2147483647;
			files = (
			);
			runOnlyForDeploymentPostprocessing = 0;
		};
/* End PBXFrameworksBuildPhase section */

/* Begin PBXGroup section */
		09EFFAB420B54C43005E2021 = {
			isa = PBXGroup;
			children = (
				09A5114B20DCF19100CC9C7E /* BasicNotesEntity+CoreDataProperties.swift */,
				09EFFABF20B54C43005E2021 /* ChordMaster */,
				09EFFABE20B54C43005E2021 /* Products */,
			);
			sourceTree = "<group>";
		};
		09EFFABE20B54C43005E2021 /* Products */ = {
			isa = PBXGroup;
			children = (
				09EFFABD20B54C43005E2021 /* ChordMaster.app */,
			);
			name = Products;
			sourceTree = "<group>";
		};
		09EFFABF20B54C43005E2021 /* ChordMaster */ = {
			isa = PBXGroup;
			children = (
				09EFFAC020B54C43005E2021 /* AppDelegate.swift */,
				0930484B20DCC9FC00ECD15D /* Notes.swift */,
				09EFFAC220B54C43005E2021 /* ViewController.swift */,
				09EFFAC420B54C43005E2021 /* Main.storyboard */,
				09EFFACA20B54C43005E2021 /* Assets.xcassets */,
				09EFFACC20B54C43005E2021 /* LaunchScreen.storyboard */,
				09EFFACF20B54C43005E2021 /* Info.plist */,
				09EFFAC720B54C43005E2021 /* ChordMaster.xcdatamodeld */,
			);
			path = ChordMaster;
			sourceTree = "<group>";
		};
/* End PBXGroup section */

/* Begin PBXNativeTarget section */
		09EFFABC20B54C43005E2021 /* ChordMaster */ = {
			isa = PBXNativeTarget;
			buildConfigurationList = 09EFFAD220B54C43005E2021 /* Build configuration list for PBXNativeTarget "ChordMaster" */;
			buildPhases = (
				09EFFAB920B54C43005E2021 /* Sources */,
				09EFFABA20B54C43005E2021 /* Frameworks */,
				09EFFABB20B54C43005E2021 /* Resources */,
			);
			buildRules = (
			);
			dependencies = (
			);
			name = ChordMaster;
			productName = ChordMaster;
			productReference = 09EFFABD20B54C43005E2021 /* ChordMaster.app */;
			productType = "com.apple.product-type.application";
		};
/* End PBXNativeTarget section */

/* Begin PBXProject section */
		09EFFAB520B54C43005E2021 /* Project object */ = {
			isa = PBXProject;
			attributes = {
				LastSwiftUpdateCheck = 0810;
				LastUpgradeCheck = 0810;
				ORGANIZATIONNAME = "田村 克彦";
				TargetAttributes = {
					09EFFABC20B54C43005E2021 = {
						CreatedOnToolsVersion = 8.1;
						ProvisioningStyle = Automatic;
					};
				};
			};
			buildConfigurationList = 09EFFAB820B54C43005E2021 /* Build configuration list for PBXProject "ChordMaster" */;
			compatibilityVersion = "Xcode 3.2";
			developmentRegion = English;
			hasScannedForEncodings = 0;
			knownRegions = (
				en,
				Base,
			);
			mainGroup = 09EFFAB420B54C43005E2021;
			productRefGroup = 09EFFABE20B54C43005E2021 /* Products */;
			projectDirPath = "";
			projectRoot = "";
			targets = (
				09EFFABC20B54C43005E2021 /* ChordMaster */,
			);
		};
/* End PBXProject section */

/* Begin PBXResourcesBuildPhase section */
		09EFFABB20B54C43005E2021 /* Resources */ = {
			isa = PBXResourcesBuildPhase;
			buildActionMask = 2147483647;
			files = (
				09EFFACE20B54C43005E2021 /* LaunchScreen.storyboard in Resources */,
				09EFFACB20B54C43005E2021 /* Assets.xcassets in Resources */,
				09EFFAC620B54C43005E2021 /* Main.storyboard in Resources */,
			);
			runOnlyForDeploymentPostprocessing = 0;
		};
/* End PBXResourcesBuildPhase section */

/* Begin PBXSourcesBuildPhase section */
		09EFFAB920B54C43005E2021 /* Sources */ = {
			isa = PBXSourcesBuildPhase;
			buildActionMask = 2147483647;
			files = (
				09EFFAC920B54C43005E2021 /* ChordMaster.xcdatamodeld in Sources */,
				0930484C20DCC9FC00ECD15D /* Notes.swift in Sources */,
				09A5114C20DCF19100CC9C7E /* BasicNotesEntity+CoreDataProperties.swift in Sources */,
				09EFFAC320B54C43005E2021 /* ViewController.swift in Sources */,
				09EFFAC120B54C43005E2021 /* AppDelegate.swift in Sources */,
			);
			runOnlyForDeploymentPostprocessing = 0;
		};
/* End PBXSourcesBuildPhase section */

/* Begin PBXVariantGroup section */
		09EFFAC420B54C43005E2021 /* Main.storyboard */ = {
			isa = PBXVariantGroup;
			children = (
				09EFFAC520B54C43005E2021 /* Base */,
			);
			name = Main.storyboard;
			sourceTree = "<group>";
		};
		09EFFACC20B54C43005E2021 /* LaunchScreen.storyboard */ = {
			isa = PBXVariantGroup;
			children = (
				09EFFACD20B54C43005E2021 /* Base */,
			);
			name = LaunchScreen.storyboard;
			sourceTree = "<group>";
		};
/* End PBXVariantGroup section */

/* Begin XCBuildConfiguration section */
		09EFFAD020B54C43005E2021 /* Debug */ = {
			isa = XCBuildConfiguration;
			buildSettings = {
				ALWAYS_SEARCH_USER_PATHS = NO;
				CLANG_ANALYZER_NONNULL = YES;
				CLANG_CXX_LANGUAGE_STANDARD = "gnu++0x";
				CLANG_CXX_LIBRARY = "libc++";
				CLANG_ENABLE_MODULES = YES;
				CLANG_ENABLE_OBJC_ARC = YES;
				CLANG_WARN_BOOL_CONVERSION = YES;
				CLANG_WARN_CONSTANT_CONVERSION = YES;
				CLANG_WARN_DIRECT_OBJC_ISA_USAGE = YES_ERROR;
				CLANG_WARN_DOCUMENTATION_COMMENTS = YES;
				CLANG_WARN_EMPTY_BODY = YES;
				CLANG_WARN_ENUM_CONVERSION = YES;
				CLANG_WARN_INFINITE_RECURSION = YES;
				CLANG_WARN_INT_CONVERSION = YES;
				CLANG_WARN_OBJC_ROOT_CLASS = YES_ERROR;
				CLANG_WARN_SUSPICIOUS_MOVES = YES;
				CLANG_WARN_UNREACHABLE_CODE = YES;
				CLANG_WARN__DUPLICATE_METHOD_MATCH = YES;
				"CODE_SIGN_IDENTITY[sdk=iphoneos*]" = "iPhone Developer";
				COPY_PHASE_STRIP = NO;
				DEBUG_INFORMATION_FORMAT = dwarf;
				ENABLE_STRICT_OBJC_MSGSEND = YES;
				ENABLE_TESTABILITY = YES;
				GCC_C_LANGUAGE_STANDARD = gnu99;
				GCC_DYNAMIC_NO_PIC = NO;
				GCC_NO_COMMON_BLOCKS = YES;
				GCC_OPTIMIZATION_LEVEL = 0;
				GCC_PREPROCESSOR_DEFINITIONS = (
					"DEBUG=1",
					"$(inherited)",
				);
				GCC_WARN_64_TO_32_BIT_CONVERSION = YES;
				GCC_WARN_ABOUT_RETURN_TYPE = YES_ERROR;
				GCC_WARN_UNDECLARED_SELECTOR = YES;
				GCC_WARN_UNINITIALIZED_AUTOS = YES_AGGRESSIVE;
				GCC_WARN_UNUSED_FUNCTION = YES;
				GCC_WARN_UNUSED_VARIABLE = YES;
				IPHONEOS_DEPLOYMENT_TARGET = 10.1;
				MTL_ENABLE_DEBUG_INFO = YES;
				ONLY_ACTIVE_ARCH = YES;
				SDKROOT = iphoneos;
				SWIFT_ACTIVE_COMPILATION_CONDITIONS = DEBUG;
				SWIFT_OPTIMIZATION_LEVEL = "-Onone";
			};
			name = Debug;
		};
		09EFFAD120B54C43005E2021 /* Release */ = {
			isa = XCBuildConfiguration;
			buildSettings = {
				ALWAYS_SEARCH_USER_PATHS = NO;
				CLANG_ANALYZER_NONNULL = YES;
				CLANG_CXX_LANGUAGE_STANDARD = "gnu++0x";
				CLANG_CXX_LIBRARY = "libc++";
				CLANG_ENABLE_MODULES = YES;
				CLANG_ENABLE_OBJC_ARC = YES;
				CLANG_WARN_BOOL_CONVERSION = YES;
				CLANG_WARN_CONSTANT_CONVERSION = YES;
				CLANG_WARN_DIRECT_OBJC_ISA_USAGE = YES_ERROR;
				CLANG_WARN_DOCUMENTATION_COMMENTS = YES;
				CLANG_WARN_EMPTY_BODY = YES;
				CLANG_WARN_ENUM_CONVERSION = YES;
				CLANG_WARN_INFINITE_RECURSION = YES;
				CLANG_WARN_INT_CONVERSION = YES;
				CLANG_WARN_OBJC_ROOT_CLASS = YES_ERROR;
				CLANG_WARN_SUSPICIOUS_MOVES = YES;
				CLANG_WARN_UNREACHABLE_CODE = YES;
				CLANG_WARN__DUPLICATE_METHOD_MATCH = YES;
				"CODE_SIGN_IDENTITY[sdk=iphoneos*]" = "iPhone Developer";
				COPY_PHASE_STRIP = NO;
				DEBUG_INFORMATION_FORMAT = "dwarf-with-dsym";
				ENABLE_NS_ASSERTIONS = NO;
				ENABLE_STRICT_OBJC_MSGSEND = YES;
				GCC_C_LANGUAGE_STANDARD = gnu99;
				GCC_NO_COMMON_BLOCKS = YES;
				GCC_WARN_64_TO_32_BIT_CONVERSION = YES;
				GCC_WARN_ABOUT_RETURN_TYPE = YES_ERROR;
				GCC_WARN_UNDECLARED_SELECTOR = YES;
				GCC_WARN_UNINITIALIZED_AUTOS = YES_AGGRESSIVE;
				GCC_WARN_UNUSED_FUNCTION = YES;
				GCC_WARN_UNUSED_VARIABLE = YES;
				IPHONEOS_DEPLOYMENT_TARGET = 10.1;
				MTL_ENABLE_DEBUG_INFO = NO;
				SDKROOT = iphoneos;
				SWIFT_OPTIMIZATION_LEVEL = "-Owholemodule";
				VALIDATE_PRODUCT = YES;
			};
			name = Release;
		};
		09EFFAD320B54C43005E2021 /* Debug */ = {
			isa = XCBuildConfiguration;
			buildSettings = {
				ASSETCATALOG_COMPILER_APPICON_NAME = AppIcon;
				INFOPLIST_FILE = ChordMaster/Info.plist;
				LD_RUNPATH_SEARCH_PATHS = "$(inherited) @executable_path/Frameworks";
				PRODUCT_BUNDLE_IDENTIFIER = me.ChordMaster;
				PRODUCT_NAME = "$(TARGET_NAME)";
				SWIFT_VERSION = 3.0;
			};
			name = Debug;
		};
		09EFFAD420B54C43005E2021 /* Release */ = {
			isa = XCBuildConfiguration;
			buildSettings = {
				ASSETCATALOG_COMPILER_APPICON_NAME = AppIcon;
				INFOPLIST_FILE = ChordMaster/Info.plist;
				LD_RUNPATH_SEARCH_PATHS = "$(inherited) @executable_path/Frameworks";
				PRODUCT_BUNDLE_IDENTIFIER = me.ChordMaster;
				PRODUCT_NAME = "$(TARGET_NAME)";
				SWIFT_VERSION = 3.0;
			};
			name = Release;
		};
/* End XCBuildConfiguration section */

/* Begin XCConfigurationList section */
		09EFFAB820B54C43005E2021 /* Build configuration list for PBXProject "ChordMaster" */ = {
			isa = XCConfigurationList;
			buildConfigurations = (
				09EFFAD020B54C43005E2021 /* Debug */,
				09EFFAD120B54C43005E2021 /* Release */,
			);
			defaultConfigurationIsVisible = 0;
			defaultConfigurationName = Release;
		};
		09EFFAD220B54C43005E2021 /* Build configuration list for PBXNativeTarget "ChordMaster" */ = {
			isa = XCConfigurationList;
			buildConfigurations = (
				09EFFAD320B54C43005E2021 /* Debug */,
				09EFFAD420B54C43005E2021 /* Release */,
			);
			defaultConfigurationIsVisible = 0;
			defaultConfigurationName = Release;
		};
/* End XCConfigurationList section */

/* Begin XCVersionGroup section */
		09EFFAC720B54C43005E2021 /* ChordMaster.xcdatamodeld */ = {
			isa = XCVersionGroup;
			children = (
				09EFFAC820B54C43005E2021 /* ChordMaster.xcdatamodel */,
			);
			currentVersion = 09EFFAC820B54C43005E2021 /* ChordMaster.xcdatamodel */;
			path = ChordMaster.xcdatamodeld;
			sourceTree = "<group>";
			versionGroupType = wrapper.xcdatamodel;
		};
/* End XCVersionGroup section */
	};
	rootObject = 09EFFAB520B54C43005E2021 /* Project object */;
}
